{
  "name": "dkpi-prototype",
  "version": "1.0.0",
  "lockfileVersion": 1,
  "requires": true,
  "dependencies": {
    "bignumber.js": {
      "version": "8.1.1",
      "resolved": "http://registry.npm.taobao.org/bignumber.js/download/bignumber.js-8.1.1.tgz"
    },
    "cryptico": {
      "version": "1.0.2",
      "resolved": "http://registry.npm.taobao.org/cryptico/download/cryptico-1.0.2.tgz"
    },
    "selfsigned": {
      "version": "1.10.4",
      "resolved": "http://registry.npm.taobao.org/selfsigned/download/selfsigned-1.10.4.tgz",
      "requires": {
        "node-forge": "0.7.5"
      },
      "dependencies": {
        "node-forge": {
          "version": "0.7.5",
          "resolved": "http://registry.npm.taobao.org/node-forge/download/node-forge-0.7.5.tgz"
        }
      }
    },
    "web3": {
      "version": "0.20.7",
      "resolved": "http://registry.npm.taobao.org/web3/download/web3-0.20.7.tgz",
      "requires": {
        "bignumber.js": "bignumber.js@git+https://github.com/frozeman/bignumber.js-nolookahead.git",
        "crypto-js": "^3.1.4",
        "utf8": "^2.1.1",
        "xhr2-cookies": "^1.1.0",
        "xmlhttprequest": "*"
      },
      "dependencies": {
        "bignumber.js": {
          "version": "https://github.com/frozeman/bignumber.js-nolookahead.git#master",
          "from": "bignumber.js@git+https://github.com/frozeman/bignumber.js-nolookahead.git"
        },
        "crypto-js": {
          "version": "3.1.8",
          "resolved": "http://registry.npm.taobao.org/crypto-js/download/crypto-js-3.1.8.tgz"
        },
        "utf8": {
          "version": "2.1.2",
          "resolved": "http://registry.npm.taobao.org/utf8/download/utf8-2.1.2.tgz"
        },
        "xhr2-cookies": {
          "version": "1.1.0",
          "resolved": "http://registry.npm.taobao.org/xhr2-cookies/download/xhr2-cookies-1.1.0.tgz",
          "requires": {
            "cookiejar": "^2.1.1"
          },
          "dependencies": {
            "cookiejar": {
              "version": "2.1.2",
              "resolved": "http://registry.npm.taobao.org/cookiejar/download/cookiejar-2.1.2.tgz"
            }
          }
        },
        "xmlhttprequest": {
          "version": "1.8.0",
          "resolved": "http://registry.npm.taobao.org/xmlhttprequest/download/xmlhttprequest-1.8.0.tgz"
        }
      }
    }
  }
}
